
Microsoft Visual Studio Solution File, Format Version 12.00
# Visual Studio Version 17
VisualStudioVersion = 17.8.34525.116
MinimumVisualStudioVersion = 10.0.40219.1
Project("{9A19103F-16F7-4668-BE54-9A1E7A4F7556}") = "ContaineredInjectionExample", "WpfApp1\ContaineredInjectionExample.csproj", "{EF10F1EA-2A68-4F5F-B330-0AD3D78DCADB}"
EndProject
Project("{9A19103F-16F7-4668-BE54-9A1E7A4F7556}") = "ExampleClassLibrary", "WpfApp1ClassLibrary\ExampleClassLibrary.csproj", "{4D36BA2D-F39A-4F18-AFE1-3BB8261E20EC}"
EndProject
Project("{FAE04EC0-301F-11D3-BF4B-00C04F79EFBC}") = "VictorianMoneyCounter", "VictorianMoneyCounter\VictorianMoneyCounter.csproj", "{2BC282E4-B97E-4013-939A-6E61AD25B22D}"
EndProject
Project("{9A19103F-16F7-4668-BE54-9A1E7A4F7556}") = "MvvmExample", "MvvmExample\MvvmExample.csproj", "{D56733A7-D383-4840-95CC-553FB09A06D9}"
EndProject
Global
	GlobalSection(SolutionConfigurationPlatforms) = preSolution
		Debug|Any CPU = Debug|Any CPU
		Release|Any CPU = Release|Any CPU
	EndGlobalSection
	GlobalSection(ProjectConfigurationPlatforms) = postSolution
		{EF10F1EA-2A68-4F5F-B330-0AD3D78DCADB}.Debug|Any CPU.ActiveCfg = Debug|Any CPU
		{EF10F1EA-2A68-4F5F-B330-0AD3D78DCADB}.Debug|Any CPU.Build.0 = Debug|Any CPU
		{EF10F1EA-2A68-4F5F-B330-0AD3D78DCADB}.Release|Any CPU.ActiveCfg = Release|Any CPU
		{EF10F1EA-2A68-4F5F-B330-0AD3D78DCADB}.Release|Any CPU.Build.0 = Release|Any CPU
		{4D36BA2D-F39A-4F18-AFE1-3BB8261E20EC}.Debug|Any CPU.ActiveCfg = Debug|Any CPU
		{4D36BA2D-F39A-4F18-AFE1-3BB8261E20EC}.Debug|Any CPU.Build.0 = Debug|Any CPU
		{4D36BA2D-F39A-4F18-AFE1-3BB8261E20EC}.Release|Any CPU.ActiveCfg = Release|Any CPU
		{4D36BA2D-F39A-4F18-AFE1-3BB8261E20EC}.Release|Any CPU.Build.0 = Release|Any CPU
		{2BC282E4-B97E-4013-939A-6E61AD25B22D}.Debug|Any CPU.ActiveCfg = Debug|Any CPU
		{2BC282E4-B97E-4013-939A-6E61AD25B22D}.Debug|Any CPU.Build.0 = Debug|Any CPU
		{2BC282E4-B97E-4013-939A-6E61AD25B22D}.Release|Any CPU.ActiveCfg = Release|Any CPU
		{2BC282E4-B97E-4013-939A-6E61AD25B22D}.Release|Any CPU.Build.0 = Release|Any CPU
		{D56733A7-D383-4840-95CC-553FB09A06D9}.Debug|Any CPU.ActiveCfg = Debug|Any CPU
		{D56733A7-D383-4840-95CC-553FB09A06D9}.Debug|Any CPU.Build.0 = Debug|Any CPU
		{D56733A7-D383-4840-95CC-553FB09A06D9}.Release|Any CPU.ActiveCfg = Release|Any CPU
		{D56733A7-D383-4840-95CC-553FB09A06D9}.Release|Any CPU.Build.0 = Release|Any CPU
	EndGlobalSection
	GlobalSection(SolutionProperties) = preSolution
		HideSolutionNode = FALSE
	EndGlobalSection
	GlobalSection(ExtensibilityGlobals) = postSolution
		SolutionGuid = {5F2F1F42-FCD4-43B6-BB28-031E9CF93A40}
	EndGlobalSection
EndGlobal
