
Microsoft Visual Studio Solution File, Format Version 12.00
# Visual Studio Version 17
VisualStudioVersion = 17.8.34525.116
MinimumVisualStudioVersion = 10.0.40219.1
Project("{FAE04EC0-301F-11D3-BF4B-00C04F79EFBC}") = "MvvmExample", "MvvmExample.csproj", "{F59C6519-E189-4DE8-A3AF-2E9B1A29AE2D}"
EndProject
Global
	GlobalSection(SolutionConfigurationPlatforms) = preSolution
		Debug|Any CPU = Debug|Any CPU
		Release|Any CPU = Release|Any CPU
	EndGlobalSection
	GlobalSection(ProjectConfigurationPlatforms) = postSolution
		{F59C6519-E189-4DE8-A3AF-2E9B1A29AE2D}.Debug|Any CPU.ActiveCfg = Debug|Any CPU
		{F59C6519-E189-4DE8-A3AF-2E9B1A29AE2D}.Debug|Any CPU.Build.0 = Debug|Any CPU
		{F59C6519-E189-4DE8-A3AF-2E9B1A29AE2D}.Release|Any CPU.ActiveCfg = Release|Any CPU
		{F59C6519-E189-4DE8-A3AF-2E9B1A29AE2D}.Release|Any CPU.Build.0 = Release|Any CPU
	EndGlobalSection
	GlobalSection(SolutionProperties) = preSolution
		HideSolutionNode = FALSE
	EndGlobalSection
	GlobalSection(ExtensibilityGlobals) = postSolution
		SolutionGuid = {D600CF61-7617-460A-8472-3D08A5AC5F5E}
	EndGlobalSection
EndGlobal
